
Microsoft Visual Studio Solution File, Format Version 12.00
# Visual Studio Version 16
VisualStudioVersion = 16.0.28803.202
MinimumVisualStudioVersion = 10.0.40219.1
Project("{FAE04EC0-301F-11D3-BF4B-00C04F79EFBC}") = "Material", "Material\Material.csproj", "{0622BFAA-54D7-43BA-9B12-B4A8BBF0FAB5}"
EndProject
Global
	GlobalSection(SolutionConfigurationPlatforms) = preSolution
		Debug|Any CPU = Debug|Any CPU
		Release|Any CPU = Release|Any CPU
	EndGlobalSection
	GlobalSection(ProjectConfigurationPlatforms) = postSolution
		{0622BFAA-54D7-43BA-9B12-B4A8BBF0FAB5}.Debug|Any CPU.ActiveCfg = Debug|Any CPU
		{0622BFAA-54D7-43BA-9B12-B4A8BBF0FAB5}.Debug|Any CPU.Build.0 = Debug|Any CPU
		{0622BFAA-54D7-43BA-9B12-B4A8BBF0FAB5}.Release|Any CPU.ActiveCfg = Release|Any CPU
		{0622BFAA-54D7-43BA-9B12-B4A8BBF0FAB5}.Release|Any CPU.Build.0 = Release|Any CPU
	EndGlobalSection
	GlobalSection(SolutionProperties) = preSolution
		HideSolutionNode = FALSE
	EndGlobalSection
	GlobalSection(ExtensibilityGlobals) = postSolution
		SolutionGuid = {690E3F9E-0AE6-44DB-9794-513B43A7725D}
	EndGlobalSection
EndGlobal
